
Microsoft Visual Studio Solution File, Format Version 11.00
# Visual Studio 2010
Project("{FAE04EC0-301F-11D3-BF4B-00C04F79EFBC}") = "Main Detector", "Assembly-CSharp-firstpass.csproj", "{8FE43EC8-58A4-49F3-014A-01C2C34DB4AA}"
EndProject
Project("{FAE04EC0-301F-11D3-BF4B-00C04F79EFBC}") = "Main Detector", "Assembly-CSharp.csproj", "{E20B5DF7-0C2E-D9F5-FDDD-41793EE6367E}"
EndProject
Global
	GlobalSection(SolutionConfigurationPlatforms) = preSolution
		Debug|Any CPU = Debug|Any CPU
		Release|Any CPU = Release|Any CPU
	EndGlobalSection
	GlobalSection(ProjectConfigurationPlatforms) = postSolution
		{8FE43EC8-58A4-49F3-014A-01C2C34DB4AA}.Debug|Any CPU.ActiveCfg = Debug|Any CPU
		{8FE43EC8-58A4-49F3-014A-01C2C34DB4AA}.Debug|Any CPU.Build.0 = Debug|Any CPU
		{8FE43EC8-58A4-49F3-014A-01C2C34DB4AA}.Release|Any CPU.ActiveCfg = Release|Any CPU
		{8FE43EC8-58A4-49F3-014A-01C2C34DB4AA}.Release|Any CPU.Build.0 = Release|Any CPU
		{E20B5DF7-0C2E-D9F5-FDDD-41793EE6367E}.Debug|Any CPU.ActiveCfg = Debug|Any CPU
		{E20B5DF7-0C2E-D9F5-FDDD-41793EE6367E}.Debug|Any CPU.Build.0 = Debug|Any CPU
		{E20B5DF7-0C2E-D9F5-FDDD-41793EE6367E}.Release|Any CPU.ActiveCfg = Release|Any CPU
		{E20B5DF7-0C2E-D9F5-FDDD-41793EE6367E}.Release|Any CPU.Build.0 = Release|Any CPU
	EndGlobalSection
	GlobalSection(SolutionProperties) = preSolution
		HideSolutionNode = FALSE
	EndGlobalSection
	GlobalSection(MonoDevelopProperties) = preSolution
		StartupItem = Assembly-CSharp.csproj
	EndGlobalSection
EndGlobal
